{
  "name": "dxf_exporter_js",
  "lockfileVersion": 3,
  "requires": true,
  "packages": {
    "": {
      "dependencies": {
        "@tarikjabiri/dxf": "^2.8.9",
        "dxf-writer": "^1.18.4"
      }
    },
    "node_modules/@tarikjabiri/dxf": {
      "version": "2.8.9",
      "resolved": "https://registry.npmjs.org/@tarikjabiri/dxf/-/dxf-2.8.9.tgz",
      "integrity": "sha512-ckBkEsWdlFTvqm2ARm23xX3EVouYsnNuZWS7P/oec1WCGTjzdd9jhmtQqyhh7TQSvQo4HunbDv4Vxiv07/8zsQ==",
      "engines": {
        "node": ">=16",
        "pnpm": ">=8"
      },
      "funding": {
        "url": "https://github.com/sponsors/dxfjs"
      }
    },
    "node_modules/dxf-writer": {
      "version": "1.18.4",
      "resolved": "https://registry.npmjs.org/dxf-writer/-/dxf-writer-1.18.4.tgz",
      "integrity": "sha512-JdLOyP+1UyeB30yPowJLJKK0bPROq/dX+QTWcLSplQoepcyo/YMlU0Z27T7mIPxgwiPb+CQWwUIlbcRRfns+ng=="
    }
  }
}
